// !$*UTF8*$!
{
	archiveVersion = 1;
	classes = {
	};
	objectVersion = 46;
	objects = {

/* Begin PBXBuildFile section */
		560B194A1D743DA000494244 /* CN_city.txt in Resources */ = {isa = PBXBuildFile; fileRef = 560B19491D743DA000494244 /* CN_city.txt */; };
		560BE8C51D5879C90012975E /* CityListTableCell.swift in Sources */ = {isa = PBXBuildFile; fileRef = 560BE8C41D5879C90012975E /* CityListTableCell.swift */; };
		560DB3CB1D54758B00771B92 /* MainWeatherInfoView.swift in Sources */ = {isa = PBXBuildFile; fileRef = 560DB3CA1D54758B00771B92 /* MainWeatherInfoView.swift */; };
		561E13131D55CC1900718A9B /* FiveDayInfoView.swift in Sources */ = {isa = PBXBuildFile; fileRef = 561E13121D55CC1900718A9B /* FiveDayInfoView.swift */; };
		561E13151D55CCC300718A9B /* FiveDayInfoView.xib in Resources */ = {isa = PBXBuildFile; fileRef = 561E13141D55CCC300718A9B /* FiveDayInfoView.xib */; };
		561E13171D55CCFE00718A9B /* DayInfoViewCell.xib in Resources */ = {isa = PBXBuildFile; fileRef = 561E13161D55CCFE00718A9B /* DayInfoViewCell.xib */; };
		561E13191D55CD3E00718A9B /* DayInfoViewCell.swift in Sources */ = {isa = PBXBuildFile; fileRef = 561E13181D55CD3E00718A9B /* DayInfoViewCell.swift */; };
		5632548F1D598AB200B45FDD /* city.list.json in Resources */ = {isa = PBXBuildFile; fileRef = 5632548E1D598AB200B45FDD /* city.list.json */; };
		563254911D59952200B45FDD /* AddCityPageVC.swift in Sources */ = {isa = PBXBuildFile; fileRef = 563254901D59952200B45FDD /* AddCityPageVC.swift */; };
		563254961D59C0EE00B45FDD /* SearchCityTableViewCell.swift in Sources */ = {isa = PBXBuildFile; fileRef = 563254941D59C0EE00B45FDD /* SearchCityTableViewCell.swift */; };
		563254971D59C0EE00B45FDD /* SearchCityTableViewCell.xib in Resources */ = {isa = PBXBuildFile; fileRef = 563254951D59C0EE00B45FDD /* SearchCityTableViewCell.xib */; };
		56432C1B1D7666EB00896035 /* CN_city_sorted.txt in Resources */ = {isa = PBXBuildFile; fileRef = 56432C1A1D7666EB00896035 /* CN_city_sorted.txt */; };
		565A09C81D8196E70074D9F9 /* CoreData.framework in Frameworks */ = {isa = PBXBuildFile; fileRef = 565A09C71D8196E70074D9F9 /* CoreData.framework */; };
		565A09CB1D8197690074D9F9 /* CityList.xcdatamodeld in Sources */ = {isa = PBXBuildFile; fileRef = 565A09C91D8197690074D9F9 /* CityList.xcdatamodeld */; };
		5663BAC21D89634D00E2568F /* CityWeatherViewTests.swift in Sources */ = {isa = PBXBuildFile; fileRef = 5663BAC11D89634D00E2568F /* CityWeatherViewTests.swift */; };
		566741DE1D869AF60064B88C /* Quick.framework in Frameworks */ = {isa = PBXBuildFile; fileRef = 566741DD1D869AF60064B88C /* Quick.framework */; };
		566741E01D869AFB0064B88C /* Nimble.framework in Frameworks */ = {isa = PBXBuildFile; fileRef = 566741DF1D869AFB0064B88C /* Nimble.framework */; };
		566741E21D869B670064B88C /* Quick.framework in CopyFiles */ = {isa = PBXBuildFile; fileRef = 566741DD1D869AF60064B88C /* Quick.framework */; settings = {ATTRIBUTES = (CodeSignOnCopy, RemoveHeadersOnCopy, ); }; };
		566741E31D869B6E0064B88C /* Nimble.framework in CopyFiles */ = {isa = PBXBuildFile; fileRef = 566741DF1D869AFB0064B88C /* Nimble.framework */; settings = {ATTRIBUTES = (CodeSignOnCopy, RemoveHeadersOnCopy, ); }; };
		569521D11D8972220027D835 /* AddCityPageVCTests.swift in Sources */ = {isa = PBXBuildFile; fileRef = 569521D01D8972220027D835 /* AddCityPageVCTests.swift */; };
		5696E23B1D5476B00015CD29 /* MainWeatherInfoView.xib in Resources */ = {isa = PBXBuildFile; fileRef = 5696E23A1D5476B00015CD29 /* MainWeatherInfoView.xib */; };
		56AE4E191D94C7DF00E673DA /* Alamofire.framework in Frameworks */ = {isa = PBXBuildFile; fileRef = 56AE4E181D94C7DF00E673DA /* Alamofire.framework */; };
		56BF4C1C1D7D451E00180972 /* CityListTableView.swift in Sources */ = {isa = PBXBuildFile; fileRef = 56BF4C1B1D7D451E00180972 /* CityListTableView.swift */; };
		56BF4C1F1D7D514D00180972 /* CitySearchController.swift in Sources */ = {isa = PBXBuildFile; fileRef = 56BF4C1E1D7D514D00180972 /* CitySearchController.swift */; };
		56BF4C211D7D5DCB00180972 /* CitySearchBar.swift in Sources */ = {isa = PBXBuildFile; fileRef = 56BF4C201D7D5DCB00180972 /* CitySearchBar.swift */; };
		56F75CDE1D52ED8E00A6B0F9 /* AppDelegate.swift in Sources */ = {isa = PBXBuildFile; fileRef = 56F75CDD1D52ED8E00A6B0F9 /* AppDelegate.swift */; };
		56F75CE01D52ED8E00A6B0F9 /* MainViewController.swift in Sources */ = {isa = PBXBuildFile; fileRef = 56F75CDF1D52ED8E00A6B0F9 /* MainViewController.swift */; };
		56F75CE31D52ED8E00A6B0F9 /* Main.storyboard in Resources */ = {isa = PBXBuildFile; fileRef = 56F75CE11D52ED8E00A6B0F9 /* Main.storyboard */; };
		56F75CE51D52ED8E00A6B0F9 /* Assets.xcassets in Resources */ = {isa = PBXBuildFile; fileRef = 56F75CE41D52ED8E00A6B0F9 /* Assets.xcassets */; };
		56F75CE81D52ED8E00A6B0F9 /* LaunchScreen.storyboard in Resources */ = {isa = PBXBuildFile; fileRef = 56F75CE61D52ED8E00A6B0F9 /* LaunchScreen.storyboard */; };
		56F75CF31D52ED8F00A6B0F9 /* MainViewControllerTests.swift in Sources */ = {isa = PBXBuildFile; fileRef = 56F75CF21D52ED8F00A6B0F9 /* MainViewControllerTests.swift */; };
		56F75CFE1D53109400A6B0F9 /* SwiftyJSON.framework in Frameworks */ = {isa = PBXBuildFile; fileRef = 56F75CFD1D53109400A6B0F9 /* SwiftyJSON.framework */; };
		56F75D031D53187600A6B0F9 /* Define.swift in Sources */ = {isa = PBXBuildFile; fileRef = 56F75D021D53187600A6B0F9 /* Define.swift */; };
		56F75D051D533C6900A6B0F9 /* CityWeatherView.swift in Sources */ = {isa = PBXBuildFile; fileRef = 56F75D041D533C6900A6B0F9 /* CityWeatherView.swift */; };
/* End PBXBuildFile section */

/* Begin PBXContainerItemProxy section */
		56F75CEF1D52ED8F00A6B0F9 /* PBXContainerItemProxy */ = {
			isa = PBXContainerItemProxy;
			containerPortal = 56F75CD21D52ED8E00A6B0F9 /* Project object */;
			proxyType = 1;
			remoteGlobalIDString = 56F75CD91D52ED8E00A6B0F9;
			remoteInfo = WeatherDemo;
		};
/* End PBXContainerItemProxy section */

/* Begin PBXCopyFilesBuildPhase section */
		566741E11D869B4B0064B88C /* CopyFiles */ = {
			isa = PBXCopyFilesBuildPhase;
			buildActionMask = 2147483647;
			dstPath = "";
			dstSubfolderSpec = 10;
			files = (
				566741E31D869B6E0064B88C /* Nimble.framework in CopyFiles */,
				566741E21D869B670064B88C /* Quick.framework in CopyFiles */,
			);
			runOnlyForDeploymentPostprocessing = 0;
		};
/* End PBXCopyFilesBuildPhase section */

/* Begin PBXFileReference section */
		560B19491D743DA000494244 /* CN_city.txt */ = {isa = PBXFileReference; fileEncoding = 4; lastKnownFileType = text; path = CN_city.txt; sourceTree = "<group>"; };
		560BE8C41D5879C90012975E /* CityListTableCell.swift */ = {isa = PBXFileReference; fileEncoding = 4; lastKnownFileType = sourcecode.swift; path = CityListTableCell.swift; sourceTree = "<group>"; };
		560DB3CA1D54758B00771B92 /* MainWeatherInfoView.swift */ = {isa = PBXFileReference; fileEncoding = 4; lastKnownFileType = sourcecode.swift; path = MainWeatherInfoView.swift; sourceTree = "<group>"; };
		561E13121D55CC1900718A9B /* FiveDayInfoView.swift */ = {isa = PBXFileReference; fileEncoding = 4; lastKnownFileType = sourcecode.swift; path = FiveDayInfoView.swift; sourceTree = "<group>"; };
		561E13141D55CCC300718A9B /* FiveDayInfoView.xib */ = {isa = PBXFileReference; fileEncoding = 4; lastKnownFileType = file.xib; path = FiveDayInfoView.xib; sourceTree = "<group>"; };
		561E13161D55CCFE00718A9B /* DayInfoViewCell.xib */ = {isa = PBXFileReference; fileEncoding = 4; lastKnownFileType = file.xib; path = DayInfoViewCell.xib; sourceTree = "<group>"; };
		561E13181D55CD3E00718A9B /* DayInfoViewCell.swift */ = {isa = PBXFileReference; fileEncoding = 4; lastKnownFileType = sourcecode.swift; path = DayInfoViewCell.swift; sourceTree = "<group>"; };
		5632548E1D598AB200B45FDD /* city.list.json */ = {isa = PBXFileReference; fileEncoding = 4; lastKnownFileType = text.json; path = city.list.json; sourceTree = "<group>"; };
		563254901D59952200B45FDD /* AddCityPageVC.swift */ = {isa = PBXFileReference; fileEncoding = 4; lastKnownFileType = sourcecode.swift; path = AddCityPageVC.swift; sourceTree = "<group>"; };
		563254941D59C0EE00B45FDD /* SearchCityTableViewCell.swift */ = {isa = PBXFileReference; fileEncoding = 4; lastKnownFileType = sourcecode.swift; path = SearchCityTableViewCell.swift; sourceTree = "<group>"; };
		563254951D59C0EE00B45FDD /* SearchCityTableViewCell.xib */ = {isa = PBXFileReference; fileEncoding = 4; lastKnownFileType = file.xib; path = SearchCityTableViewCell.xib; sourceTree = "<group>"; };
		56432C1A1D7666EB00896035 /* CN_city_sorted.txt */ = {isa = PBXFileReference; fileEncoding = 4; lastKnownFileType = text; path = CN_city_sorted.txt; sourceTree = "<group>"; };
		565A09C71D8196E70074D9F9 /* CoreData.framework */ = {isa = PBXFileReference; lastKnownFileType = wrapper.framework; name = CoreData.framework; path = System/Library/Frameworks/CoreData.framework; sourceTree = SDKROOT; };
		565A09CA1D8197690074D9F9 /* CityList.xcdatamodel */ = {isa = PBXFileReference; lastKnownFileType = wrapper.xcdatamodel; path = CityList.xcdatamodel; sourceTree = "<group>"; };
		5663BAC11D89634D00E2568F /* CityWeatherViewTests.swift */ = {isa = PBXFileReference; fileEncoding = 4; lastKnownFileType = sourcecode.swift; path = CityWeatherViewTests.swift; sourceTree = "<group>"; };
		566741DD1D869AF60064B88C /* Quick.framework */ = {isa = PBXFileReference; lastKnownFileType = wrapper.framework; name = Quick.framework; path = Carthage/Build/iOS/Quick.framework; sourceTree = "<group>"; };
		566741DF1D869AFB0064B88C /* Nimble.framework */ = {isa = PBXFileReference; lastKnownFileType = wrapper.framework; name = Nimble.framework; path = Carthage/Build/iOS/Nimble.framework; sourceTree = "<group>"; };
		569521D01D8972220027D835 /* AddCityPageVCTests.swift */ = {isa = PBXFileReference; fileEncoding = 4; lastKnownFileType = sourcecode.swift; path = AddCityPageVCTests.swift; sourceTree = "<group>"; };
		5696E23A1D5476B00015CD29 /* MainWeatherInfoView.xib */ = {isa = PBXFileReference; fileEncoding = 4; lastKnownFileType = file.xib; path = MainWeatherInfoView.xib; sourceTree = "<group>"; };
		56AE4E181D94C7DF00E673DA /* Alamofire.framework */ = {isa = PBXFileReference; lastKnownFileType = wrapper.framework; name = Alamofire.framework; path = Carthage/Build/iOS/Alamofire.framework; sourceTree = "<group>"; };
		56BF4C1B1D7D451E00180972 /* CityListTableView.swift */ = {isa = PBXFileReference; fileEncoding = 4; lastKnownFileType = sourcecode.swift; path = CityListTableView.swift; sourceTree = "<group>"; };
		56BF4C1E1D7D514D00180972 /* CitySearchController.swift */ = {isa = PBXFileReference; fileEncoding = 4; lastKnownFileType = sourcecode.swift; path = CitySearchController.swift; sourceTree = "<group>"; };
		56BF4C201D7D5DCB00180972 /* CitySearchBar.swift */ = {isa = PBXFileReference; fileEncoding = 4; lastKnownFileType = sourcecode.swift; path = CitySearchBar.swift; sourceTree = "<group>"; };
		56F75CDA1D52ED8E00A6B0F9 /* WeatherDemo.app */ = {isa = PBXFileReference; explicitFileType = wrapper.application; includeInIndex = 0; path = WeatherDemo.app; sourceTree = BUILT_PRODUCTS_DIR; };
		56F75CDD1D52ED8E00A6B0F9 /* AppDelegate.swift */ = {isa = PBXFileReference; lastKnownFileType = sourcecode.swift; path = AppDelegate.swift; sourceTree = "<group>"; };
		56F75CDF1D52ED8E00A6B0F9 /* MainViewController.swift */ = {isa = PBXFileReference; lastKnownFileType = sourcecode.swift; path = MainViewController.swift; sourceTree = "<group>"; };
		56F75CE21D52ED8E00A6B0F9 /* Base */ = {isa = PBXFileReference; lastKnownFileType = file.storyboard; name = Base; path = Base.lproj/Main.storyboard; sourceTree = "<group>"; };
		56F75CE41D52ED8E00A6B0F9 /* Assets.xcassets */ = {isa = PBXFileReference; lastKnownFileType = folder.assetcatalog; path = Assets.xcassets; sourceTree = "<group>"; };
		56F75CE71D52ED8E00A6B0F9 /* Base */ = {isa = PBXFileReference; lastKnownFileType = file.storyboard; name = Base; path = Base.lproj/LaunchScreen.storyboard; sourceTree = "<group>"; };
		56F75CE91D52ED8E00A6B0F9 /* Info.plist */ = {isa = PBXFileReference; lastKnownFileType = text.plist.xml; path = Info.plist; sourceTree = "<group>"; };
		56F75CEE1D52ED8F00A6B0F9 /* WeatherDemoTests.xctest */ = {isa = PBXFileReference; explicitFileType = wrapper.cfbundle; includeInIndex = 0; path = WeatherDemoTests.xctest; sourceTree = BUILT_PRODUCTS_DIR; };
		56F75CF21D52ED8F00A6B0F9 /* MainViewControllerTests.swift */ = {isa = PBXFileReference; lastKnownFileType = sourcecode.swift; path = MainViewControllerTests.swift; sourceTree = "<group>"; };
		56F75CF41D52ED8F00A6B0F9 /* Info.plist */ = {isa = PBXFileReference; lastKnownFileType = text.plist.xml; path = Info.plist; sourceTree = "<group>"; };
		56F75CFD1D53109400A6B0F9 /* SwiftyJSON.framework */ = {isa = PBXFileReference; lastKnownFileType = wrapper.framework; name = SwiftyJSON.framework; path = Carthage/Build/iOS/SwiftyJSON.framework; sourceTree = "<group>"; };
		56F75D001D5316EE00A6B0F9 /* Haneke.framework */ = {isa = PBXFileReference; lastKnownFileType = wrapper.framework; name = Haneke.framework; path = Carthage/Build/iOS/Haneke.framework; sourceTree = "<group>"; };
		56F75D021D53187600A6B0F9 /* Define.swift */ = {isa = PBXFileReference; fileEncoding = 4; lastKnownFileType = sourcecode.swift; path = Define.swift; sourceTree = "<group>"; };
		56F75D041D533C6900A6B0F9 /* CityWeatherView.swift */ = {isa = PBXFileReference; fileEncoding = 4; lastKnownFileType = sourcecode.swift; path = CityWeatherView.swift; sourceTree = "<group>"; };
/* End PBXFileReference section */

/* Begin PBXFrameworksBuildPhase section */
		56F75CD71D52ED8E00A6B0F9 /* Frameworks */ = {
			isa = PBXFrameworksBuildPhase;
			buildActionMask = 2147483647;
			files = (
				565A09C81D8196E70074D9F9 /* CoreData.framework in Frameworks */,
				56F75CFE1D53109400A6B0F9 /* SwiftyJSON.framework in Frameworks */,
				56AE4E191D94C7DF00E673DA /* Alamofire.framework in Frameworks */,
			);
			runOnlyForDeploymentPostprocessing = 0;
		};
		56F75CEB1D52ED8F00A6B0F9 /* Frameworks */ = {
			isa = PBXFrameworksBuildPhase;
			buildActionMask = 2147483647;
			files = (
				566741DE1D869AF60064B88C /* Quick.framework in Frameworks */,
				566741E01D869AFB0064B88C /* Nimble.framework in Frameworks */,
			);
			runOnlyForDeploymentPostprocessing = 0;
		};
/* End PBXFrameworksBuildPhase section */

/* Begin PBXGroup section */
		563254921D59954600B45FDD /* CityWeatherView */ = {
			isa = PBXGroup;
			children = (
				56F75D041D533C6900A6B0F9 /* CityWeatherView.swift */,
				560DB3CA1D54758B00771B92 /* MainWeatherInfoView.swift */,
				5696E23A1D5476B00015CD29 /* MainWeatherInfoView.xib */,
				561E13121D55CC1900718A9B /* FiveDayInfoView.swift */,
				561E13141D55CCC300718A9B /* FiveDayInfoView.xib */,
				561E13181D55CD3E00718A9B /* DayInfoViewCell.swift */,
				561E13161D55CCFE00718A9B /* DayInfoViewCell.xib */,
			);
			name = CityWeatherView;
			sourceTree = "<group>";
		};
		563254931D59C05F00B45FDD /* AddCityPage */ = {
			isa = PBXGroup;
			children = (
				563254901D59952200B45FDD /* AddCityPageVC.swift */,
				563254941D59C0EE00B45FDD /* SearchCityTableViewCell.swift */,
				563254951D59C0EE00B45FDD /* SearchCityTableViewCell.xib */,
				56BF4C1E1D7D514D00180972 /* CitySearchController.swift */,
				56BF4C201D7D5DCB00180972 /* CitySearchBar.swift */,
			);
			name = AddCityPage;
			sourceTree = "<group>";
		};
		56AE4E171D94C7DE00E673DA /* Frameworks */ = {
			isa = PBXGroup;
			children = (
				56AE4E181D94C7DF00E673DA /* Alamofire.framework */,
			);
			name = Frameworks;
			sourceTree = "<group>";
		};
		56BF4C1D1D7D50D200180972 /* CityListTableView */ = {
			isa = PBXGroup;
			children = (
				56BF4C1B1D7D451E00180972 /* CityListTableView.swift */,
				560BE8C41D5879C90012975E /* CityListTableCell.swift */,
			);
			name = CityListTableView;
			sourceTree = "<group>";
		};
		56F75CD11D52ED8E00A6B0F9 = {
			isa = PBXGroup;
			children = (
				56F75CF11D52ED8F00A6B0F9 /* WeatherDemoTests */,
				56F75CDC1D52ED8E00A6B0F9 /* WeatherDemo */,
				566741DF1D869AFB0064B88C /* Nimble.framework */,
				566741DD1D869AF60064B88C /* Quick.framework */,
				565A09C71D8196E70074D9F9 /* CoreData.framework */,
				56F75D001D5316EE00A6B0F9 /* Haneke.framework */,
				56F75CFD1D53109400A6B0F9 /* SwiftyJSON.framework */,
				56F75CDB1D52ED8E00A6B0F9 /* Products */,
				56AE4E171D94C7DE00E673DA /* Frameworks */,
			);
			sourceTree = "<group>";
		};
		56F75CDB1D52ED8E00A6B0F9 /* Products */ = {
			isa = PBXGroup;
			children = (
				56F75CDA1D52ED8E00A6B0F9 /* WeatherDemo.app */,
				56F75CEE1D52ED8F00A6B0F9 /* WeatherDemoTests.xctest */,
			);
			name = Products;
			sourceTree = "<group>";
		};
		56F75CDC1D52ED8E00A6B0F9 /* WeatherDemo */ = {
			isa = PBXGroup;
			children = (
				56F75CDF1D52ED8E00A6B0F9 /* MainViewController.swift */,
				56BF4C1D1D7D50D200180972 /* CityListTableView */,
				563254931D59C05F00B45FDD /* AddCityPage */,
				563254921D59954600B45FDD /* CityWeatherView */,
				56F75D061D533C8200A6B0F9 /* Support */,
				565A09C91D8197690074D9F9 /* CityList.xcdatamodeld */,
			);
			path = WeatherDemo;
			sourceTree = "<group>";
		};
		56F75CF11D52ED8F00A6B0F9 /* WeatherDemoTests */ = {
			isa = PBXGroup;
			children = (
				56F75CF21D52ED8F00A6B0F9 /* MainViewControllerTests.swift */,
				5663BAC11D89634D00E2568F /* CityWeatherViewTests.swift */,
				569521D01D8972220027D835 /* AddCityPageVCTests.swift */,
				56F75CF41D52ED8F00A6B0F9 /* Info.plist */,
			);
			path = WeatherDemoTests;
			sourceTree = SOURCE_ROOT;
		};
		56F75D061D533C8200A6B0F9 /* Support */ = {
			isa = PBXGroup;
			children = (
				56F75D021D53187600A6B0F9 /* Define.swift */,
				56F75CE11D52ED8E00A6B0F9 /* Main.storyboard */,
				56F75CDD1D52ED8E00A6B0F9 /* AppDelegate.swift */,
				56432C1A1D7666EB00896035 /* CN_city_sorted.txt */,
				560B19491D743DA000494244 /* CN_city.txt */,
				5632548E1D598AB200B45FDD /* city.list.json */,
				56F75CE41D52ED8E00A6B0F9 /* Assets.xcassets */,
				56F75CE61D52ED8E00A6B0F9 /* LaunchScreen.storyboard */,
				56F75CE91D52ED8E00A6B0F9 /* Info.plist */,
			);
			name = Support;
			sourceTree = "<group>";
		};
/* End PBXGroup section */

/* Begin PBXNativeTarget section */
		56F75CD91D52ED8E00A6B0F9 /* WeatherDemo */ = {
			isa = PBXNativeTarget;
			buildConfigurationList = 56F75CF71D52ED8F00A6B0F9 /* Build configuration list for PBXNativeTarget "WeatherDemo" */;
			buildPhases = (
				56F75CD61D52ED8E00A6B0F9 /* Sources */,
				56F75CD71D52ED8E00A6B0F9 /* Frameworks */,
				56F75CD81D52ED8E00A6B0F9 /* Resources */,
				56F75CFF1D5310A900A6B0F9 /* ShellScript */,
			);
			buildRules = (
			);
			dependencies = (
			);
			name = WeatherDemo;
			productName = WeatherDemo;
			productReference = 56F75CDA1D52ED8E00A6B0F9 /* WeatherDemo.app */;
			productType = "com.apple.product-type.application";
		};
		56F75CED1D52ED8F00A6B0F9 /* WeatherDemoTests */ = {
			isa = PBXNativeTarget;
			buildConfigurationList = 56F75CFA1D52ED8F00A6B0F9 /* Build configuration list for PBXNativeTarget "WeatherDemoTests" */;
			buildPhases = (
				56F75CEA1D52ED8F00A6B0F9 /* Sources */,
				56F75CEB1D52ED8F00A6B0F9 /* Frameworks */,
				56F75CEC1D52ED8F00A6B0F9 /* Resources */,
				566741E11D869B4B0064B88C /* CopyFiles */,
			);
			buildRules = (
			);
			dependencies = (
				56F75CF01D52ED8F00A6B0F9 /* PBXTargetDependency */,
			);
			name = WeatherDemoTests;
			productName = WeatherDemoTests;
			productReference = 56F75CEE1D52ED8F00A6B0F9 /* WeatherDemoTests.xctest */;
			productType = "com.apple.product-type.bundle.unit-test";
		};
/* End PBXNativeTarget section */

/* Begin PBXProject section */
		56F75CD21D52ED8E00A6B0F9 /* Project object */ = {
			isa = PBXProject;
			attributes = {
				LastSwiftUpdateCheck = 0730;
				LastUpgradeCheck = 0800;
				ORGANIZATIONNAME = Linsw;
				TargetAttributes = {
					56F75CD91D52ED8E00A6B0F9 = {
						CreatedOnToolsVersion = 7.2;
						DevelopmentTeam = 4F6NMKB449;
						LastSwiftMigration = 0800;
					};
					56F75CED1D52ED8F00A6B0F9 = {
						CreatedOnToolsVersion = 7.2;
						DevelopmentTeam = 4F6NMKB449;
						LastSwiftMigration = 0800;
						TestTargetID = 56F75CD91D52ED8E00A6B0F9;
					};
				};
			};
			buildConfigurationList = 56F75CD51D52ED8E00A6B0F9 /* Build configuration list for PBXProject "WeatherDemo" */;
			compatibilityVersion = "Xcode 3.2";
			developmentRegion = English;
			hasScannedForEncodings = 0;
			knownRegions = (
				en,
				Base,
			);
			mainGroup = 56F75CD11D52ED8E00A6B0F9;
			productRefGroup = 56F75CDB1D52ED8E00A6B0F9 /* Products */;
			projectDirPath = "";
			projectRoot = "";
			targets = (
				56F75CD91D52ED8E00A6B0F9 /* WeatherDemo */,
				56F75CED1D52ED8F00A6B0F9 /* WeatherDemoTests */,
			);
		};
/* End PBXProject section */

/* Begin PBXResourcesBuildPhase section */
		56F75CD81D52ED8E00A6B0F9 /* Resources */ = {
			isa = PBXResourcesBuildPhase;
			buildActionMask = 2147483647;
			files = (
				560B194A1D743DA000494244 /* CN_city.txt in Resources */,
				5696E23B1D5476B00015CD29 /* MainWeatherInfoView.xib in Resources */,
				56F75CE81D52ED8E00A6B0F9 /* LaunchScreen.storyboard in Resources */,
				56F75CE51D52ED8E00A6B0F9 /* Assets.xcassets in Resources */,
				561E13151D55CCC300718A9B /* FiveDayInfoView.xib in Resources */,
				56F75CE31D52ED8E00A6B0F9 /* Main.storyboard in Resources */,
				5632548F1D598AB200B45FDD /* city.list.json in Resources */,
				563254971D59C0EE00B45FDD /* SearchCityTableViewCell.xib in Resources */,
				561E13171D55CCFE00718A9B /* DayInfoViewCell.xib in Resources */,
				56432C1B1D7666EB00896035 /* CN_city_sorted.txt in Resources */,
			);
			runOnlyForDeploymentPostprocessing = 0;
		};
		56F75CEC1D52ED8F00A6B0F9 /* Resources */ = {
			isa = PBXResourcesBuildPhase;
			buildActionMask = 2147483647;
			files = (
			);
			runOnlyForDeploymentPostprocessing = 0;
		};
/* End PBXResourcesBuildPhase section */

/* Begin PBXShellScriptBuildPhase section */
		56F75CFF1D5310A900A6B0F9 /* ShellScript */ = {
			isa = PBXShellScriptBuildPhase;
			buildActionMask = 2147483647;
			files = (
			);
			inputPaths = (
				"$(SRCROOT)/Carthage/Build/iOS/SwiftyJSON.framework",
				"$(SRCROOT)/Carthage/Build/iOS/Alamofire.framework",
			);
			outputPaths = (
			);
			runOnlyForDeploymentPostprocessing = 0;
			shellPath = /bin/sh;
			shellScript = "/usr/local/bin/carthage copy-frameworks";
		};
/* End PBXShellScriptBuildPhase section */

/* Begin PBXSourcesBuildPhase section */
		56F75CD61D52ED8E00A6B0F9 /* Sources */ = {
			isa = PBXSourcesBuildPhase;
			buildActionMask = 2147483647;
			files = (
				56F75D051D533C6900A6B0F9 /* CityWeatherView.swift in Sources */,
				56BF4C1C1D7D451E00180972 /* CityListTableView.swift in Sources */,
				565A09CB1D8197690074D9F9 /* CityList.xcdatamodeld in Sources */,
				560DB3CB1D54758B00771B92 /* MainWeatherInfoView.swift in Sources */,
				56F75CE01D52ED8E00A6B0F9 /* MainViewController.swift in Sources */,
				56BF4C1F1D7D514D00180972 /* CitySearchController.swift in Sources */,
				561E13131D55CC1900718A9B /* FiveDayInfoView.swift in Sources */,
				561E13191D55CD3E00718A9B /* DayInfoViewCell.swift in Sources */,
				56F75CDE1D52ED8E00A6B0F9 /* AppDelegate.swift in Sources */,
				563254961D59C0EE00B45FDD /* SearchCityTableViewCell.swift in Sources */,
				56BF4C211D7D5DCB00180972 /* CitySearchBar.swift in Sources */,
				56F75D031D53187600A6B0F9 /* Define.swift in Sources */,
				560BE8C51D5879C90012975E /* CityListTableCell.swift in Sources */,
				563254911D59952200B45FDD /* AddCityPageVC.swift in Sources */,
			);
			runOnlyForDeploymentPostprocessing = 0;
		};
		56F75CEA1D52ED8F00A6B0F9 /* Sources */ = {
			isa = PBXSourcesBuildPhase;
			buildActionMask = 2147483647;
			files = (
				569521D11D8972220027D835 /* AddCityPageVCTests.swift in Sources */,
				5663BAC21D89634D00E2568F /* CityWeatherViewTests.swift in Sources */,
				56F75CF31D52ED8F00A6B0F9 /* MainViewControllerTests.swift in Sources */,
			);
			runOnlyForDeploymentPostprocessing = 0;
		};
/* End PBXSourcesBuildPhase section */

/* Begin PBXTargetDependency section */
		56F75CF01D52ED8F00A6B0F9 /* PBXTargetDependency */ = {
			isa = PBXTargetDependency;
			target = 56F75CD91D52ED8E00A6B0F9 /* WeatherDemo */;
			targetProxy = 56F75CEF1D52ED8F00A6B0F9 /* PBXContainerItemProxy */;
		};
/* End PBXTargetDependency section */

/* Begin PBXVariantGroup section */
		56F75CE11D52ED8E00A6B0F9 /* Main.storyboard */ = {
			isa = PBXVariantGroup;
			children = (
				56F75CE21D52ED8E00A6B0F9 /* Base */,
			);
			name = Main.storyboard;
			sourceTree = "<group>";
		};
		56F75CE61D52ED8E00A6B0F9 /* LaunchScreen.storyboard */ = {
			isa = PBXVariantGroup;
			children = (
				56F75CE71D52ED8E00A6B0F9 /* Base */,
			);
			name = LaunchScreen.storyboard;
			sourceTree = "<group>";
		};
/* End PBXVariantGroup section */

/* Begin XCBuildConfiguration section */
		56F75CF51D52ED8F00A6B0F9 /* Debug */ = {
			isa = XCBuildConfiguration;
			buildSettings = {
				ALWAYS_SEARCH_USER_PATHS = NO;
				CLANG_CXX_LANGUAGE_STANDARD = "gnu++0x";
				CLANG_CXX_LIBRARY = "libc++";
				CLANG_ENABLE_MODULES = YES;
				CLANG_ENABLE_OBJC_ARC = YES;
				CLANG_WARN_BOOL_CONVERSION = YES;
				CLANG_WARN_CONSTANT_CONVERSION = YES;
				CLANG_WARN_DIRECT_OBJC_ISA_USAGE = YES_ERROR;
				CLANG_WARN_EMPTY_BODY = YES;
				CLANG_WARN_ENUM_CONVERSION = YES;
				CLANG_WARN_INFINITE_RECURSION = YES;
				CLANG_WARN_INT_CONVERSION = YES;
				CLANG_WARN_OBJC_ROOT_CLASS = YES_ERROR;
				CLANG_WARN_SUSPICIOUS_MOVE = YES;
				CLANG_WARN_UNREACHABLE_CODE = YES;
				CLANG_WARN__DUPLICATE_METHOD_MATCH = YES;
				"CODE_SIGN_IDENTITY[sdk=iphoneos*]" = "iPhone Developer";
				COPY_PHASE_STRIP = NO;
				DEBUG_INFORMATION_FORMAT = dwarf;
				ENABLE_STRICT_OBJC_MSGSEND = YES;
				ENABLE_TESTABILITY = YES;
				GCC_C_LANGUAGE_STANDARD = gnu99;
				GCC_DYNAMIC_NO_PIC = NO;
				GCC_NO_COMMON_BLOCKS = YES;
				GCC_OPTIMIZATION_LEVEL = 0;
				GCC_PREPROCESSOR_DEFINITIONS = (
					"DEBUG=1",
					"$(inherited)",
				);
				GCC_WARN_64_TO_32_BIT_CONVERSION = YES;
				GCC_WARN_ABOUT_RETURN_TYPE = YES_ERROR;
				GCC_WARN_UNDECLARED_SELECTOR = YES;
				GCC_WARN_UNINITIALIZED_AUTOS = YES_AGGRESSIVE;
				GCC_WARN_UNUSED_FUNCTION = YES;
				GCC_WARN_UNUSED_VARIABLE = YES;
				IPHONEOS_DEPLOYMENT_TARGET = 9.2;
				MTL_ENABLE_DEBUG_INFO = YES;
				ONLY_ACTIVE_ARCH = YES;
				SDKROOT = iphoneos;
				SWIFT_OPTIMIZATION_LEVEL = "-Onone";
				TARGETED_DEVICE_FAMILY = 2;
			};
			name = Debug;
		};
		56F75CF61D52ED8F00A6B0F9 /* Release */ = {
			isa = XCBuildConfiguration;
			buildSettings = {
				ALWAYS_SEARCH_USER_PATHS = NO;
				CLANG_CXX_LANGUAGE_STANDARD = "gnu++0x";
				CLANG_CXX_LIBRARY = "libc++";
				CLANG_ENABLE_MODULES = YES;
				CLANG_ENABLE_OBJC_ARC = YES;
				CLANG_WARN_BOOL_CONVERSION = YES;
				CLANG_WARN_CONSTANT_CONVERSION = YES;
				CLANG_WARN_DIRECT_OBJC_ISA_USAGE = YES_ERROR;
				CLANG_WARN_EMPTY_BODY = YES;
				CLANG_WARN_ENUM_CONVERSION = YES;
				CLANG_WARN_INFINITE_RECURSION = YES;
				CLANG_WARN_INT_CONVERSION = YES;
				CLANG_WARN_OBJC_ROOT_CLASS = YES_ERROR;
				CLANG_WARN_SUSPICIOUS_MOVE = YES;
				CLANG_WARN_UNREACHABLE_CODE = YES;
				CLANG_WARN__DUPLICATE_METHOD_MATCH = YES;
				"CODE_SIGN_IDENTITY[sdk=iphoneos*]" = "iPhone Developer";
				COPY_PHASE_STRIP = NO;
				DEBUG_INFORMATION_FORMAT = "dwarf-with-dsym";
				ENABLE_NS_ASSERTIONS = NO;
				ENABLE_STRICT_OBJC_MSGSEND = YES;
				GCC_C_LANGUAGE_STANDARD = gnu99;
				GCC_NO_COMMON_BLOCKS = YES;
				GCC_WARN_64_TO_32_BIT_CONVERSION = YES;
				GCC_WARN_ABOUT_RETURN_TYPE = YES_ERROR;
				GCC_WARN_UNDECLARED_SELECTOR = YES;
				GCC_WARN_UNINITIALIZED_AUTOS = YES_AGGRESSIVE;
				GCC_WARN_UNUSED_FUNCTION = YES;
				GCC_WARN_UNUSED_VARIABLE = YES;
				IPHONEOS_DEPLOYMENT_TARGET = 9.2;
				MTL_ENABLE_DEBUG_INFO = NO;
				SDKROOT = iphoneos;
				SWIFT_OPTIMIZATION_LEVEL = "-Owholemodule";
				TARGETED_DEVICE_FAMILY = 2;
				VALIDATE_PRODUCT = YES;
			};
			name = Release;
		};
		56F75CF81D52ED8F00A6B0F9 /* Debug */ = {
			isa = XCBuildConfiguration;
			buildSettings = {
				ASSETCATALOG_COMPILER_APPICON_NAME = AppIcon;
				FRAMEWORK_SEARCH_PATHS = (
					"$(inherited)",
					"$(PROJECT_DIR)/Carthage/Build/iOS",
				);
				INFOPLIST_FILE = WeatherDemo/Info.plist;
				LD_RUNPATH_SEARCH_PATHS = "$(inherited) @executable_path/Frameworks";
				PRODUCT_BUNDLE_IDENTIFIER = lsw.self.WeatherDemo;
				PRODUCT_NAME = "$(TARGET_NAME)";
				SWIFT_VERSION = 3.0;
			};
			name = Debug;
		};
		56F75CF91D52ED8F00A6B0F9 /* Release */ = {
			isa = XCBuildConfiguration;
			buildSettings = {
				ASSETCATALOG_COMPILER_APPICON_NAME = AppIcon;
				FRAMEWORK_SEARCH_PATHS = (
					"$(inherited)",
					"$(PROJECT_DIR)/Carthage/Build/iOS",
				);
				INFOPLIST_FILE = WeatherDemo/Info.plist;
				LD_RUNPATH_SEARCH_PATHS = "$(inherited) @executable_path/Frameworks";
				PRODUCT_BUNDLE_IDENTIFIER = lsw.self.WeatherDemo;
				PRODUCT_NAME = "$(TARGET_NAME)";
				SWIFT_VERSION = 3.0;
			};
			name = Release;
		};
		56F75CFB1D52ED8F00A6B0F9 /* Debug */ = {
			isa = XCBuildConfiguration;
			buildSettings = {
				BUNDLE_LOADER = "$(TEST_HOST)";
				FRAMEWORK_SEARCH_PATHS = (
					"$(inherited)",
					"$(PROJECT_DIR)/Carthage/Build/iOS",
				);
				INFOPLIST_FILE = WeatherDemoTests/Info.plist;
				LD_RUNPATH_SEARCH_PATHS = "$(inherited) @executable_path/Frameworks @loader_path/Frameworks";
				PRODUCT_BUNDLE_IDENTIFIER = lsw.self.WeatherDemoTests;
				PRODUCT_NAME = "$(TARGET_NAME)";
				SWIFT_VERSION = 3.0;
				TEST_HOST = "$(BUILT_PRODUCTS_DIR)/WeatherDemo.app/WeatherDemo";
			};
			name = Debug;
		};
		56F75CFC1D52ED8F00A6B0F9 /* Release */ = {
			isa = XCBuildConfiguration;
			buildSettings = {
				BUNDLE_LOADER = "$(TEST_HOST)";
				FRAMEWORK_SEARCH_PATHS = (
					"$(inherited)",
					"$(PROJECT_DIR)/Carthage/Build/iOS",
				);
				INFOPLIST_FILE = WeatherDemoTests/Info.plist;
				LD_RUNPATH_SEARCH_PATHS = "$(inherited) @executable_path/Frameworks @loader_path/Frameworks";
				PRODUCT_BUNDLE_IDENTIFIER = lsw.self.WeatherDemoTests;
				PRODUCT_NAME = "$(TARGET_NAME)";
				SWIFT_VERSION = 3.0;
				TEST_HOST = "$(BUILT_PRODUCTS_DIR)/WeatherDemo.app/WeatherDemo";
			};
			name = Release;
		};
/* End XCBuildConfiguration section */

/* Begin XCConfigurationList section */
		56F75CD51D52ED8E00A6B0F9 /* Build configuration list for PBXProject "WeatherDemo" */ = {
			isa = XCConfigurationList;
			buildConfigurations = (
				56F75CF51D52ED8F00A6B0F9 /* Debug */,
				56F75CF61D52ED8F00A6B0F9 /* Release */,
			);
			defaultConfigurationIsVisible = 0;
			defaultConfigurationName = Release;
		};
		56F75CF71D52ED8F00A6B0F9 /* Build configuration list for PBXNativeTarget "WeatherDemo" */ = {
			isa = XCConfigurationList;
			buildConfigurations = (
				56F75CF81D52ED8F00A6B0F9 /* Debug */,
				56F75CF91D52ED8F00A6B0F9 /* Release */,
			);
			defaultConfigurationIsVisible = 0;
			defaultConfigurationName = Release;
		};
		56F75CFA1D52ED8F00A6B0F9 /* Build configuration list for PBXNativeTarget "WeatherDemoTests" */ = {
			isa = XCConfigurationList;
			buildConfigurations = (
				56F75CFB1D52ED8F00A6B0F9 /* Debug */,
				56F75CFC1D52ED8F00A6B0F9 /* Release */,
			);
			defaultConfigurationIsVisible = 0;
			defaultConfigurationName = Release;
		};
/* End XCConfigurationList section */

/* Begin XCVersionGroup section */
		565A09C91D8197690074D9F9 /* CityList.xcdatamodeld */ = {
			isa = XCVersionGroup;
			children = (
				565A09CA1D8197690074D9F9 /* CityList.xcdatamodel */,
			);
			currentVersion = 565A09CA1D8197690074D9F9 /* CityList.xcdatamodel */;
			path = CityList.xcdatamodeld;
			sourceTree = "<group>";
			versionGroupType = wrapper.xcdatamodel;
		};
/* End XCVersionGroup section */
	};
	rootObject = 56F75CD21D52ED8E00A6B0F9 /* Project object */;
}
